
Microsoft Visual Studio Solution File, Format Version 12.00
# Visual Studio 15
VisualStudioVersion = 15.0.26730.8
MinimumVisualStudioVersion = 10.0.40219.1
Project("{FAE04EC0-301F-11D3-BF4B-00C04F79EFBC}") = "RandomRecommended", "RandomRecommended\RandomRecommended.csproj", "{78811068-4E94-483E-990C-94B8C0CC9C09}"
EndProject
Project("{FAE04EC0-301F-11D3-BF4B-00C04F79EFBC}") = "DomainClass", "DomainClass\DomainClass.csproj", "{2A4847D8-B413-4B3F-800D-8726AB7D8CE5}"
EndProject
Global
	GlobalSection(SolutionConfigurationPlatforms) = preSolution
		Debug|Any CPU = Debug|Any CPU
		Release|Any CPU = Release|Any CPU
	EndGlobalSection
	GlobalSection(ProjectConfigurationPlatforms) = postSolution
		{78811068-4E94-483E-990C-94B8C0CC9C09}.Debug|Any CPU.ActiveCfg = Debug|Any CPU
		{78811068-4E94-483E-990C-94B8C0CC9C09}.Debug|Any CPU.Build.0 = Debug|Any CPU
		{78811068-4E94-483E-990C-94B8C0CC9C09}.Release|Any CPU.ActiveCfg = Release|Any CPU
		{78811068-4E94-483E-990C-94B8C0CC9C09}.Release|Any CPU.Build.0 = Release|Any CPU
		{2A4847D8-B413-4B3F-800D-8726AB7D8CE5}.Debug|Any CPU.ActiveCfg = Debug|Any CPU
		{2A4847D8-B413-4B3F-800D-8726AB7D8CE5}.Debug|Any CPU.Build.0 = Debug|Any CPU
		{2A4847D8-B413-4B3F-800D-8726AB7D8CE5}.Release|Any CPU.ActiveCfg = Release|Any CPU
		{2A4847D8-B413-4B3F-800D-8726AB7D8CE5}.Release|Any CPU.Build.0 = Release|Any CPU
	EndGlobalSection
	GlobalSection(SolutionProperties) = preSolution
		HideSolutionNode = FALSE
	EndGlobalSection
	GlobalSection(ExtensibilityGlobals) = postSolution
		SolutionGuid = {7D4E2E1C-42B2-42E3-9FAA-9F526A812129}
	EndGlobalSection
EndGlobal
